
Microsoft Visual Studio Solution File, Format Version 12.00
# Visual Studio 2012
Project("{FAE04EC0-301F-11D3-BF4B-00C04F79EFBC}") = "Wallace", "Wallace\Wallace.csproj", "{FC43748F-15E0-4A63-A049-6B67C3D219F9}"
EndProject
Global
	GlobalSection(SolutionConfigurationPlatforms) = preSolution
		Debug|Any CPU = Debug|Any CPU
		Release|Any CPU = Release|Any CPU
	EndGlobalSection
	GlobalSection(ProjectConfigurationPlatforms) = postSolution
		{FC43748F-15E0-4A63-A049-6B67C3D219F9}.Debug|Any CPU.ActiveCfg = Debug|Any CPU
		{FC43748F-15E0-4A63-A049-6B67C3D219F9}.Debug|Any CPU.Build.0 = Debug|Any CPU
		{FC43748F-15E0-4A63-A049-6B67C3D219F9}.Release|Any CPU.ActiveCfg = Release|Any CPU
		{FC43748F-15E0-4A63-A049-6B67C3D219F9}.Release|Any CPU.Build.0 = Release|Any CPU
	EndGlobalSection
	GlobalSection(SolutionProperties) = preSolution
		HideSolutionNode = FALSE
	EndGlobalSection
EndGlobal
